Microsoft Visual Studio Solution File, Format Version 12.00
# Visual Studio Version 17
VisualStudioVersion = 17.5.2.0
MinimumVisualStudioVersion = 10.0.40219.1
Project("{FAE04EC0-301F-11D3-BF4B-00C04F79EFBC}") = "Projet 1", "Projet 1.csproj", "{14C332E7-E80F-605C-C285-37CDBD05B048}"
EndProject
Global
	GlobalSection(SolutionConfigurationPlatforms) = preSolution
		Debug|Any CPU = Debug|Any CPU
		Release|Any CPU = Release|Any CPU
	EndGlobalSection
	GlobalSection(ProjectConfigurationPlatforms) = postSolution
		{14C332E7-E80F-605C-C285-37CDBD05B048}.Debug|Any CPU.ActiveCfg = Debug|Any CPU
		{14C332E7-E80F-605C-C285-37CDBD05B048}.Debug|Any CPU.Build.0 = Debug|Any CPU
		{14C332E7-E80F-605C-C285-37CDBD05B048}.Release|Any CPU.ActiveCfg = Release|Any CPU
		{14C332E7-E80F-605C-C285-37CDBD05B048}.Release|Any CPU.Build.0 = Release|Any CPU
	EndGlobalSection
	GlobalSection(SolutionProperties) = preSolution
		HideSolutionNode = FALSE
	EndGlobalSection
	GlobalSection(ExtensibilityGlobals) = postSolution
		SolutionGuid = {93B6F8CA-DBD7-4DA0-9C64-730875EA539E}
	EndGlobalSection
EndGlobal
